# This file is automatically @generated by Cargo.
# It is not intended for manual editing.
version = 4

[[package]]
name = "staple-cli"
version = "0.1.0"
dependencies = [
 "staple-workspace-hack",
]

[[package]]
name = "staple-core"
version = "0.1.0"
dependencies = [
 "staple-workspace-hack",
]

[[package]]
name = "staple-workspace-hack"
version = "0.1.0"
